{
    "_meta": {
        "hash": {
            "sha256": "11f51b9ed08caefd8ac02ef41fe7d0020df9f713bad681c5ae402ec903cc367a"
        },
        "pipfile-spec": 6,
        "requires": {
            "python_version": "3.7"
        },
        "sources": [
            {
                "name": "pypi",
                "url": "https://pypi.org/simple",
                "verify_ssl": true
            }
        ]
    },
    "default": {
        "adal": {
            "hashes": [
                "sha256:5a7f1e037c6290c6d7609cab33a9e5e988c2fbec5c51d1c4c649ee3faff37eaf",
                "sha256:fd17e5661f60634ddf96a569b95d34ccb8a98de60593d729c28bdcfe360eaad1"
            ],
            "version": "==1.2.2"
        },
        "azure-common": {
            "hashes": [
                "sha256:ce0f1013e6d0e9faebaf3188cc069f4892fc60a6ec552e3f817c1a2f92835054",
                "sha256:fd02e4256dc9cdd2d4422bc795bdca2ef302f7a86148b154fbf4ea1f09da400a"
            ],
            "version": "==1.1.25"
        },
        "azure-servicebus": {
            "hashes": [
                "sha256:41c4eb6ff744ab2edd6f97b4d6356b9434454743485f511de8a7f1b72c4df4b6",
                "sha256:836649d510aa2b7467bc87d8dab18f2db917b63aa2fe8f3e5d0bb44011e465f5"
            ],
            "index": "pypi",
            "version": "==0.50.2"
        },
        "certifi": {
            "hashes": [
                "sha256:1d987a998c75633c40847cc966fcf5904906c920a7f17ef374f5aa4282abd304",
                "sha256:51fcb31174be6e6664c5f69e3e1691a2d72a1a12e90f872cbdb1567eb47b6519"
            ],
            "version": "==2020.4.5.1"
        },
        "cffi": {
            "hashes": [
                "sha256:001bf3242a1bb04d985d63e138230802c6c8d4db3668fb545fb5005ddf5bb5ff",
                "sha256:00789914be39dffba161cfc5be31b55775de5ba2235fe49aa28c148236c4e06b",
                "sha256:028a579fc9aed3af38f4892bdcc7390508adabc30c6af4a6e4f611b0c680e6ac",
                "sha256:14491a910663bf9f13ddf2bc8f60562d6bc5315c1f09c704937ef17293fb85b0",
                "sha256:1cae98a7054b5c9391eb3249b86e0e99ab1e02bb0cc0575da191aedadbdf4384",
                "sha256:2089ed025da3919d2e75a4d963d008330c96751127dd6f73c8dc0c65041b4c26",
                "sha256:2d384f4a127a15ba701207f7639d94106693b6cd64173d6c8988e2c25f3ac2b6",
                "sha256:337d448e5a725bba2d8293c48d9353fc68d0e9e4088d62a9571def317797522b",
                "sha256:399aed636c7d3749bbed55bc907c3288cb43c65c4389964ad5ff849b6370603e",
                "sha256:3b911c2dbd4f423b4c4fcca138cadde747abdb20d196c4a48708b8a2d32b16dd",
                "sha256:3d311bcc4a41408cf5854f06ef2c5cab88f9fded37a3b95936c9879c1640d4c2",
                "sha256:62ae9af2d069ea2698bf536dcfe1e4eed9090211dbaafeeedf5cb6c41b352f66",
                "sha256:66e41db66b47d0d8672d8ed2708ba91b2f2524ece3dee48b5dfb36be8c2f21dc",
                "sha256:675686925a9fb403edba0114db74e741d8181683dcf216be697d208857e04ca8",
                "sha256:7e63cbcf2429a8dbfe48dcc2322d5f2220b77b2e17b7ba023d6166d84655da55",
                "sha256:8a6c688fefb4e1cd56feb6c511984a6c4f7ec7d2a1ff31a10254f3c817054ae4",
                "sha256:8c0ffc886aea5df6a1762d0019e9cb05f825d0eec1f520c51be9d198701daee5",
                "sha256:95cd16d3dee553f882540c1ffe331d085c9e629499ceadfbda4d4fde635f4b7d",
                "sha256:99f748a7e71ff382613b4e1acc0ac83bf7ad167fb3802e35e90d9763daba4d78",
                "sha256:b8c78301cefcf5fd914aad35d3c04c2b21ce8629b5e4f4e45ae6812e461910fa",
                "sha256:c420917b188a5582a56d8b93bdd8e0f6eca08c84ff623a4c16e809152cd35793",
                "sha256:c43866529f2f06fe0edc6246eb4faa34f03fe88b64a0a9a942561c8e22f4b71f",
                "sha256:cab50b8c2250b46fe738c77dbd25ce017d5e6fb35d3407606e7a4180656a5a6a",
                "sha256:cef128cb4d5e0b3493f058f10ce32365972c554572ff821e175dbc6f8ff6924f",
                "sha256:cf16e3cf6c0a5fdd9bc10c21687e19d29ad1fe863372b5543deaec1039581a30",
                "sha256:e56c744aa6ff427a607763346e4170629caf7e48ead6921745986db3692f987f",
                "sha256:e577934fc5f8779c554639376beeaa5657d54349096ef24abe8c74c5d9c117c3",
                "sha256:f2b0fa0c01d8a0c7483afd9f31d7ecf2d71760ca24499c8697aeb5ca37dc090c"
            ],
            "version": "==1.14.0"
        },
        "chardet": {
            "hashes": [
                "sha256:84ab92ed1c4d4f16916e05906b6b75a6c0fb5db821cc65e70cbd64a3e2a5eaae",
                "sha256:fc323ffcaeaed0e0a02bf4d117757b98aed530d9ed4531e3e15460124c106691"
            ],
            "version": "==3.0.4"
        },
        "cryptography": {
            "hashes": [
                "sha256:0cacd3ef5c604b8e5f59bf2582c076c98a37fe206b31430d0cd08138aff0986e",
                "sha256:192ca04a36852a994ef21df13cca4d822adbbdc9d5009c0f96f1d2929e375d4f",
                "sha256:19ae795137682a9778892fb4390c07811828b173741bce91e30f899424b3934d",
                "sha256:1b9b535d6b55936a79dbe4990b64bb16048f48747c76c29713fea8c50eca2acf",
                "sha256:2a2ad24d43398d89f92209289f15265107928f22a8d10385f70def7a698d6a02",
                "sha256:3be7a5722d5bfe69894d3f7bbed15547b17619f3a88a318aab2e37f457524164",
                "sha256:49870684da168b90110bbaf86140d4681032c5e6a2461adc7afdd93be5634216",
                "sha256:587f98ce27ac4547177a0c6fe0986b8736058daffe9160dcf5f1bd411b7fbaa1",
                "sha256:5aca6f00b2f42546b9bdf11a69f248d1881212ce5b9e2618b04935b87f6f82a1",
                "sha256:6b744039b55988519cc183149cceb573189b3e46e16ccf6f8c46798bb767c9dc",
                "sha256:6b91cab3841b4c7cb70e4db1697c69f036c8bc0a253edc0baa6783154f1301e4",
                "sha256:7598974f6879a338c785c513e7c5a4329fbc58b9f6b9a6305035fca5b1076552",
                "sha256:7a279f33a081d436e90e91d1a7c338553c04e464de1c9302311a5e7e4b746088",
                "sha256:95e1296e0157361fe2f5f0ed307fd31f94b0ca13372e3673fa95095a627636a1",
                "sha256:9fc9da390e98cb6975eadf251b6e5fa088820141061bf041cd5c72deba1dc526",
                "sha256:cc20316e3f5a6b582fc3b029d8dc03aabeb645acfcb7fc1d9848841a33265748",
                "sha256:d1bf5a1a0d60c7f9a78e448adcb99aa101f3f9588b16708044638881be15d6bc",
                "sha256:ed1d0760c7e46436ec90834d6f10477ff09475c692ed1695329d324b2c5cd547",
                "sha256:ef9a55013676907df6c9d7dd943eb1770d014f68beaa7e73250fb43c759f4585"
            ],
            "version": "==2.9"
        },
        "idna": {
            "hashes": [
                "sha256:7588d1c14ae4c77d74036e8c22ff447b26d0fde8f007354fd48a7814db15b7cb",
                "sha256:a068a21ceac8a4d63dbfd964670474107f541babbd2250d61922f029858365fa"
            ],
            "version": "==2.9"
        },
        "isodate": {
            "hashes": [
                "sha256:2e364a3d5759479cdb2d37cce6b9376ea504db2ff90252a2e5b7cc89cc9ff2d8",
                "sha256:aa4d33c06640f5352aca96e4b81afd8ab3b47337cc12089822d6f322ac772c81"
            ],
            "version": "==0.6.0"
        },
        "msrest": {
            "hashes": [
                "sha256:22349c718f632e37beee0dd10f7ea41984ded136db2199a9d3c6f1f3942868e9",
                "sha256:9050fbbb95dd9e8f4008d7227e4dc5662e8b605c89e5621b0dd09ac7f04cf01d"
            ],
            "version": "==0.6.13"
        },
        "msrestazure": {
            "hashes": [
                "sha256:0ae7f903ff81631512beef39602c4104a8fe04cb7d166f28a1ec43c0f0985749",
                "sha256:0ec9db93eeea6a6cf1240624a04f49cd8bbb26b98d84a63a8220cfda858c2a96"
            ],
            "version": "==0.6.3"
        },
        "neo4j": {
            "hashes": [
                "sha256:82169d548f984f745a519bc8a70cce05662fb7e10ed0179984ca2d45736bc01e"
            ],
            "index": "pypi",
            "version": "==1.7.6"
        },
        "neobolt": {
            "hashes": [
                "sha256:ca4e87679fe3ed39aec23638658e02dbdc6bbc3289a04e826f332e05ab32275d"
            ],
            "version": "==1.7.16"
        },
        "neotime": {
            "hashes": [
                "sha256:4e0477ba0f24e004de2fa79a3236de2bd941f20de0b5db8d976c52a86d7363eb"
            ],
            "version": "==1.7.4"
        },
        "oauthlib": {
            "hashes": [
                "sha256:bee41cc35fcca6e988463cacc3bcb8a96224f470ca547e697b604cc697b2f889",
                "sha256:df884cd6cbe20e32633f1db1072e9356f53638e4361bef4e8b03c9127c9328ea"
            ],
            "version": "==3.1.0"
        },
        "pycparser": {
            "hashes": [
                "sha256:2d475327684562c3a96cc71adf7dc8c4f0565175cf86b6d7a404ff4c771f15f0",
                "sha256:7582ad22678f0fcd81102833f60ef8d0e57288b6b5fb00323d101be910e35705"
            ],
            "version": "==2.20"
        },
        "pyjwt": {
            "hashes": [
                "sha256:5c6eca3c2940464d106b99ba83b00c6add741c9becaec087fb7ccdefea71350e",
                "sha256:8d59a976fb773f3e6a39c85636357c4f0e242707394cadadd9814f5cbaa20e96"
            ],
            "version": "==1.7.1"
        },
        "python-dateutil": {
            "hashes": [
                "sha256:73ebfe9dbf22e832286dafa60473e4cd239f8592f699aa5adaf10050e6e1823c",
                "sha256:75bb3f31ea686f1197762692a9ee6a7550b59fc6ca3a1f4b5d7e32fb98e2da2a"
            ],
            "index": "pypi",
            "version": "==2.8.1"
        },
        "pytz": {
            "hashes": [
                "sha256:1c557d7d0e871de1f5ccd5833f60fb2550652da6be2693c1e02300743d21500d",
                "sha256:b02c06db6cf09c12dd25137e563b31700d3b80fcc4ad23abb7a315f2789819be"
            ],
            "version": "==2019.3"
        },
        "requests": {
            "hashes": [
                "sha256:43999036bfa82904b6af1d99e4882b560e5e2c68e5c4b0aa03b655f3d7d73fee",
                "sha256:b3f43d496c6daba4493e7c431722aeb7dbc6288f52a6e04e7b6023b0247817e6"
            ],
            "index": "pypi",
            "version": "==2.23.0"
        },
        "requests-oauthlib": {
            "hashes": [
                "sha256:7f71572defaecd16372f9006f33c2ec8c077c3cfa6f5911a9a90202beb513f3d",
                "sha256:b4261601a71fd721a8bd6d7aa1cc1d6a8a93b4a9f5e96626f8e4d91e8beeaa6a"
            ],
            "version": "==1.3.0"
        },
        "six": {
            "hashes": [
                "sha256:236bdbdce46e6e6a3d61a337c0f8b763ca1e8717c03b369e87a7ec7ce1319c0a",
                "sha256:8f3cd2e254d8f793e7f3d6d9df77b92252b52637291d0f0da013c76ea2724b6c"
            ],
            "version": "==1.14.0"
        },
        "uamqp": {
            "hashes": [
                "sha256:00b9a510c06375419fc28f63e9cc94f090cba1c3f9a45d792f01b512f4621587",
                "sha256:0d813f368c092a1488fb30f6a57a272bcf8370035edb00d9192c5f13e5572067",
                "sha256:250ddd3a06190e4fb219f6a1184b3067f07fa033584dad0d6f0a74c638350390",
                "sha256:4a24ea838c2b01f5c77e259d71eb338d15e6ac135d2c4dfcdd076558e5e4f408",
                "sha256:556e1968be69682d5588802b6a3f7f4a2cc26daecc3ec1f9f200476e6dc43f71",
                "sha256:57d41d6d8cc275341d40a7f8d84aa51225008b87c96cec9361fad32787120a87",
                "sha256:64d6025b95f45f60b49204b328a75dcfd90251f753118e5035449bbbf7c34be8",
                "sha256:689cacc5f6e088e94c5e55b62a3ff71ddd23d67776cdd3d1f792dc71017d9dc9",
                "sha256:76703693b5371af85120d93b0a0ead3c5d1ad3e2fa9b6c3ed8db22870c40e975",
                "sha256:7c1462df7784514e2e719b05968220dfb91aef153eef7d23aec1df51993bdb32",
                "sha256:96da40a34039b0827ad33dbfc4557f7d46de42e9ecef9e948a63772cb7ae21d0",
                "sha256:99468c64bccd6dc0950b6042d08f91c85a21d87349f3865e25e5ce56669aefdc",
                "sha256:b2e6231c5cfd9d9b88b70b394c229f4359e9923a8e24f8191a03ec69dfe6f98f",
                "sha256:bf41ce71c8f4e50f6a6ab21ec50deb17d92b7c68ac0481dbc81b3dc30a92efdf",
                "sha256:c61487092bef24d48c4574e2d4e8a24192712226886ed98a544b62c6e70d7380",
                "sha256:c822a9b2a1dd3f1b45e093a486e784af143db82f77990d5e6634773cbec74682",
                "sha256:d366471b371c36b19b02e15eba9f0def52b4bf2d6b89f576c4a9c7061caed53d",
                "sha256:da753031e3e9866d65db63f0be17b8ec8a5f27ac7193991a07ae256cfc3e0c2a",
                "sha256:de8dfeb64ae352ebed38f4986647445bf2ac5e7befe98ae5e668d88f8327f8a4",
                "sha256:e72cc4bb61562e9d004d69232ce0445ba318155179b2c68fd2d64db1324c437c",
                "sha256:e820215910846e2337bac3d5e7e14b3b87db8404a295aa5c5ed2b95e72c2b3a9",
                "sha256:ee81a9352cbcc042b25cd1e273b44d7e40224e12ac7b3d8ba184e08afda57d47"
            ],
            "version": "==1.2.6"
        },
        "urllib3": {
            "hashes": [
                "sha256:2f3db8b19923a873b3e5256dc9c2dedfa883e33d87c690d9c7913e1f40673cdc",
                "sha256:87716c2d2a7121198ebcb7ce7cccf6ce5e9ba539041cfbaeecfb641dc0bf6acc"
            ],
            "version": "==1.25.8"
        }
    },
    "develop": {
        "astroid": {
            "hashes": [
                "sha256:71ea07f44df9568a75d0f354c49143a4575d90645e9fead6dfb52c26a85ed13a",
                "sha256:840947ebfa8b58f318d42301cf8c0a20fd794a33b61cc4638e28e9e61ba32f42"
            ],
            "version": "==2.3.3"
        },
        "isort": {
            "hashes": [
                "sha256:54da7e92468955c4fceacd0c86bd0ec997b0e1ee80d97f67c35a78b719dccab1",
                "sha256:6e811fcb295968434526407adb8796944f1988c5b65e8139058f2014cbe100fd"
            ],
            "version": "==4.3.21"
        },
        "lazy-object-proxy": {
            "hashes": [
                "sha256:0c4b206227a8097f05c4dbdd323c50edf81f15db3b8dc064d08c62d37e1a504d",
                "sha256:194d092e6f246b906e8f70884e620e459fc54db3259e60cf69a4d66c3fda3449",
                "sha256:1be7e4c9f96948003609aa6c974ae59830a6baecc5376c25c92d7d697e684c08",
                "sha256:4677f594e474c91da97f489fea5b7daa17b5517190899cf213697e48d3902f5a",
                "sha256:48dab84ebd4831077b150572aec802f303117c8cc5c871e182447281ebf3ac50",
                "sha256:5541cada25cd173702dbd99f8e22434105456314462326f06dba3e180f203dfd",
                "sha256:59f79fef100b09564bc2df42ea2d8d21a64fdcda64979c0fa3db7bdaabaf6239",
                "sha256:8d859b89baf8ef7f8bc6b00aa20316483d67f0b1cbf422f5b4dc56701c8f2ffb",
                "sha256:9254f4358b9b541e3441b007a0ea0764b9d056afdeafc1a5569eee1cc6c1b9ea",
                "sha256:9651375199045a358eb6741df3e02a651e0330be090b3bc79f6d0de31a80ec3e",
                "sha256:97bb5884f6f1cdce0099f86b907aa41c970c3c672ac8b9c8352789e103cf3156",
                "sha256:9b15f3f4c0f35727d3a0fba4b770b3c4ebbb1fa907dbcc046a1d2799f3edd142",
                "sha256:a2238e9d1bb71a56cd710611a1614d1194dc10a175c1e08d75e1a7bcc250d442",
                "sha256:a6ae12d08c0bf9909ce12385803a543bfe99b95fe01e752536a60af2b7797c62",
                "sha256:ca0a928a3ddbc5725be2dd1cf895ec0a254798915fb3a36af0964a0a4149e3db",
                "sha256:cb2c7c57005a6804ab66f106ceb8482da55f5314b7fcb06551db1edae4ad1531",
                "sha256:d74bb8693bf9cf75ac3b47a54d716bbb1a92648d5f781fc799347cfc95952383",
                "sha256:d945239a5639b3ff35b70a88c5f2f491913eb94871780ebfabb2568bd58afc5a",
                "sha256:eba7011090323c1dadf18b3b689845fd96a61ba0a1dfbd7f24b921398affc357",
                "sha256:efa1909120ce98bbb3777e8b6f92237f5d5c8ea6758efea36a473e1d38f7d3e4",
                "sha256:f3900e8a5de27447acbf900b4750b0ddfd7ec1ea7fbaf11dfa911141bc522af0"
            ],
            "version": "==1.4.3"
        },
        "mccabe": {
            "hashes": [
                "sha256:ab8a6258860da4b6677da4bd2fe5dc2c659cff31b3ee4f7f5d64e79735b80d42",
                "sha256:dd8d182285a0fe56bace7f45b5e7d1a6ebcbf524e8f3bd87eb0f125271b8831f"
            ],
            "version": "==0.6.1"
        },
        "pylint": {
            "hashes": [
                "sha256:3db5468ad013380e987410a8d6956226963aed94ecb5f9d3a28acca6d9ac36cd",
                "sha256:886e6afc935ea2590b462664b161ca9a5e40168ea99e5300935f6591ad467df4"
            ],
            "index": "pypi",
            "version": "==2.4.4"
        },
        "six": {
            "hashes": [
                "sha256:236bdbdce46e6e6a3d61a337c0f8b763ca1e8717c03b369e87a7ec7ce1319c0a",
                "sha256:8f3cd2e254d8f793e7f3d6d9df77b92252b52637291d0f0da013c76ea2724b6c"
            ],
            "version": "==1.14.0"
        },
        "wrapt": {
            "hashes": [
                "sha256:565a021fd19419476b9362b05eeaa094178de64f8361e44468f9e9d7843901e1"
            ],
            "version": "==1.11.2"
        }
    }
}
